
Microsoft Visual Studio Solution File, Format Version 12.00
# Visual Studio Version 17
VisualStudioVersion = 17.7.34031.279
MinimumVisualStudioVersion = 10.0.40219.1
Project("{9A19103F-16F7-4668-BE54-9A1E7A4F7556}") = "BlazorApp.Web", "BlazorApp.Web.csproj", "{63AA8CCE-FA15-411C-96B6-2404CA4A2E74}"
EndProject
Project("{9A19103F-16F7-4668-BE54-9A1E7A4F7556}") = "BlazorApp.Api", "..\BlazorApp.Api\BlazorApp.Api.csproj", "{0C7EBF1D-1B57-496E-AB5B-7F50CF729731}"
EndProject
Project("{FAE04EC0-301F-11D3-BF4B-00C04F79EFBC}") = "BlazorApp.Models", "..\BlazorApp.Models\BlazorApp.Models.csproj", "{856BBB37-A1D2-477B-8F0C-12752E3F5FA8}"
EndProject
Global
	GlobalSection(SolutionConfigurationPlatforms) = preSolution
		Debug|Any CPU = Debug|Any CPU
		Release|Any CPU = Release|Any CPU
	EndGlobalSection
	GlobalSection(ProjectConfigurationPlatforms) = postSolution
		{63AA8CCE-FA15-411C-96B6-2404CA4A2E74}.Debug|Any CPU.ActiveCfg = Debug|Any CPU
		{63AA8CCE-FA15-411C-96B6-2404CA4A2E74}.Debug|Any CPU.Build.0 = Debug|Any CPU
		{63AA8CCE-FA15-411C-96B6-2404CA4A2E74}.Release|Any CPU.ActiveCfg = Release|Any CPU
		{63AA8CCE-FA15-411C-96B6-2404CA4A2E74}.Release|Any CPU.Build.0 = Release|Any CPU
		{0C7EBF1D-1B57-496E-AB5B-7F50CF729731}.Debug|Any CPU.ActiveCfg = Debug|Any CPU
		{0C7EBF1D-1B57-496E-AB5B-7F50CF729731}.Debug|Any CPU.Build.0 = Debug|Any CPU
		{0C7EBF1D-1B57-496E-AB5B-7F50CF729731}.Release|Any CPU.ActiveCfg = Release|Any CPU
		{0C7EBF1D-1B57-496E-AB5B-7F50CF729731}.Release|Any CPU.Build.0 = Release|Any CPU
		{856BBB37-A1D2-477B-8F0C-12752E3F5FA8}.Debug|Any CPU.ActiveCfg = Debug|Any CPU
		{856BBB37-A1D2-477B-8F0C-12752E3F5FA8}.Debug|Any CPU.Build.0 = Debug|Any CPU
		{856BBB37-A1D2-477B-8F0C-12752E3F5FA8}.Release|Any CPU.ActiveCfg = Release|Any CPU
		{856BBB37-A1D2-477B-8F0C-12752E3F5FA8}.Release|Any CPU.Build.0 = Release|Any CPU
	EndGlobalSection
	GlobalSection(SolutionProperties) = preSolution
		HideSolutionNode = FALSE
	EndGlobalSection
	GlobalSection(ExtensibilityGlobals) = postSolution
		SolutionGuid = {B481FE17-A4E7-4A0E-9F92-BA37E7758E7A}
	EndGlobalSection
EndGlobal
